
Microsoft Visual Studio Solution File, Format Version 12.00
# Visual Studio Version 17
VisualStudioVersion = 17.8.34309.116
MinimumVisualStudioVersion = 10.0.40219.1
Project("{FAE04EC0-301F-11D3-BF4B-00C04F79EFBC}") = "Assignment2(ConvertNumbersToWords)", "Assignment2(ConvertNumbersToWords)\Assignment2(ConvertNumbersToWords).csproj", "{A699FC73-0F1C-48B7-90D5-5AA17F196315}"
EndProject
Global
	GlobalSection(SolutionConfigurationPlatforms) = preSolution
		Debug|Any CPU = Debug|Any CPU
		Release|Any CPU = Release|Any CPU
	EndGlobalSection
	GlobalSection(ProjectConfigurationPlatforms) = postSolution
		{A699FC73-0F1C-48B7-90D5-5AA17F196315}.Debug|Any CPU.ActiveCfg = Debug|Any CPU
		{A699FC73-0F1C-48B7-90D5-5AA17F196315}.Debug|Any CPU.Build.0 = Debug|Any CPU
		{A699FC73-0F1C-48B7-90D5-5AA17F196315}.Release|Any CPU.ActiveCfg = Release|Any CPU
		{A699FC73-0F1C-48B7-90D5-5AA17F196315}.Release|Any CPU.Build.0 = Release|Any CPU
	EndGlobalSection
	GlobalSection(SolutionProperties) = preSolution
		HideSolutionNode = FALSE
	EndGlobalSection
	GlobalSection(ExtensibilityGlobals) = postSolution
		SolutionGuid = {F9AD0D95-75BF-425D-9B8E-38E23A7D8813}
	EndGlobalSection
EndGlobal
